{
    "_readme": [
        "This file locks the dependencies of your project to a known state",
        "Read more about it at https://getcomposer.org/doc/01-basic-usage.md#installing-dependencies",
        "This file is @generated automatically"
    ],
    "content-hash": "5eda33f5beac6f7acca223a582e1dde5",
    "packages": [
        {
            "name": "nikic/fast-route",
            "version": "v1.3.0",
            "source": {
                "type": "git",
                "url": "https://github.com/nikic/FastRoute.git",
                "reference": "181d480e08d9476e61381e04a71b34dc0432e812"
            },
            "dist": {
                "type": "zip",
                "url": "https://api.github.com/repos/nikic/FastRoute/zipball/181d480e08d9476e61381e04a71b34dc0432e812",
                "reference": "181d480e08d9476e61381e04a71b34dc0432e812",
                "shasum": ""
            },
            "require": {
                "php": ">=5.4.0"
            },
            "require-dev": {
                "phpunit/phpunit": "^4.8.35|~5.7"
            },
            "type": "library",
            "autoload": {
                "files": [
                    "src/functions.php"
                ],
                "psr-4": {
                    "FastRoute\\": "src/"
                }
            },
            "notification-url": "https://packagist.org/downloads/",
            "license": [
                "BSD-3-Clause"
            ],
            "authors": [
                {
                    "name": "Nikita Popov",
                    "email": "nikic@php.net"
                }
            ],
            "description": "Fast request router for PHP",
            "keywords": [
                "router",
                "routing"
            ],
            "support": {
                "issues": "https://github.com/nikic/FastRoute/issues",
                "source": "https://github.com/nikic/FastRoute/tree/master"
            },
            "time": "2018-02-13T20:26:39+00:00"
        },
        {
            "name": "nititech/html-components",
            "version": "v2.0.1",
            "source": {
                "type": "git",
                "url": "https://github.com/donnikitos/php-html-components.git",
                "reference": "3d9eee7eb46b71b7d9bd1a2fd49fb318bed5b999"
            },
            "dist": {
                "type": "zip",
                "url": "https://api.github.com/repos/donnikitos/php-html-components/zipball/3d9eee7eb46b71b7d9bd1a2fd49fb318bed5b999",
                "reference": "3d9eee7eb46b71b7d9bd1a2fd49fb318bed5b999",
                "shasum": ""
            },
            "require": {
                "php": ">=7.0"
            },
            "type": "library",
            "autoload": {
                "psr-4": {
                    "": "src/"
                }
            },
            "notification-url": "https://packagist.org/downloads/",
            "license": [
                "MIT"
            ],
            "authors": [
                {
                    "name": "Nikita 'donnikitos' Nitichevski",
                    "homepage": "https://donnikitos.com",
                    "role": "Developer"
                }
            ],
            "description": "Write intuitive, reusable, class based HTML components",
            "homepage": "https://github.com/donnikitos/php-html-components",
            "keywords": [
                "PHP-components",
                "class components",
                "component",
                "components",
                "html"
            ],
            "support": {
                "issues": "https://github.com/donnikitos/php-html-components/issues",
                "source": "https://github.com/donnikitos/php-html-components/tree/v2.0.1"
            },
            "time": "2026-03-31T12:36:22+00:00"
        }
    ],
    "packages-dev": [],
    "aliases": [],
    "minimum-stability": "stable",
    "stability-flags": {},
    "prefer-stable": false,
    "prefer-lowest": false,
    "platform": {
        "php": ">=7.3"
    },
    "platform-dev": {},
    "plugin-api-version": "2.6.0"
}
